# This file is generated by running "yarn install" inside your project.
# Manual changes might be lost - proceed with caution!

__metadata:
  version: 8
  cacheKey: 10c0

"@yarn-talk/external-dep@npm:^1.0.0":
  version: 1.0.0
  resolution: "@yarn-talk/external-dep@npm:1.0.0"
  dependencies:
    "@yarn-talk/internal-dep": "npm:^0.1.0"
  checksum: 10c0/393a372753a22257c916a164fbcad9fa2b4a0701e7a5f85006b3d73edc2d8bd58ef915d692be7ed56bc22beef382bc29a1ace544d7db235f999444e0ebd225f8
  languageName: node
  linkType: hard

"@yarn-talk/internal-dep@npm:^0.1.0":
  version: 0.1.0
  resolution: "@yarn-talk/internal-dep@npm:0.1.0"
  checksum: 10c0/fcd82e922b24e51a4943d73696e9c1dcc292b4b095fd36f4c679a3ec72eb52aff6932f1347fceb860541d4aa3bb88a067ec4c2920a14947273f4ee37190195c7
  languageName: node
  linkType: hard

"yarn-talk-demo@workspace:.":
  version: 0.0.0-use.local
  resolution: "yarn-talk-demo@workspace:."
  dependencies:
    "@yarn-talk/external-dep": "npm:^1.0.0"
  languageName: unknown
  linkType: soft
