# This file is generated by running "yarn install" inside your project.
# Manual changes might be lost - proceed with caution!

__metadata:
  version: 8
  cacheKey: 10c0

"hello-world-npm@npm:^1.0.0":
  version: 1.1.1
  resolution: "hello-world-npm@npm:1.1.1"
  bin:
    hello-world-npm: ./bin.js
  checksum: 10c0/c983ad03a13ef12b2424914f2eb09e2b9d73c7ae076285ec367d5d6e3666c212b89ff35c6f18dc6de1a4d5596cde122755a7cf414e2096ce6c9626cd49b71965
  languageName: node
  linkType: hard

"yarn-talk-demo@workspace:.":
  version: 0.0.0-use.local
  resolution: "yarn-talk-demo@workspace:."
  dependencies:
    hello-world-npm: "npm:^1.0.0"
  languageName: unknown
  linkType: soft
